
Microsoft Visual Studio Solution File, Format Version 12.00
# Visual Studio Version 17
VisualStudioVersion = 17.8.34511.84
MinimumVisualStudioVersion = 10.0.40219.1
Project("{FAE04EC0-301F-11D3-BF4B-00C04F79EFBC}") = "Week15OOPAndFiles", "Week15OOPAndFiles\Week15OOPAndFiles.csproj", "{90283D31-B42E-41A4-B925-93AF72755DD1}"
EndProject
Project("{FAE04EC0-301F-11D3-BF4B-00C04F79EFBC}") = "Gift", "Gift\Gift.csproj", "{944821A3-B2D8-40CE-957D-0B1A0A695DD7}"
EndProject
Global
	GlobalSection(SolutionConfigurationPlatforms) = preSolution
		Debug|Any CPU = Debug|Any CPU
		Release|Any CPU = Release|Any CPU
	EndGlobalSection
	GlobalSection(ProjectConfigurationPlatforms) = postSolution
		{90283D31-B42E-41A4-B925-93AF72755DD1}.Debug|Any CPU.ActiveCfg = Debug|Any CPU
		{90283D31-B42E-41A4-B925-93AF72755DD1}.Debug|Any CPU.Build.0 = Debug|Any CPU
		{90283D31-B42E-41A4-B925-93AF72755DD1}.Release|Any CPU.ActiveCfg = Release|Any CPU
		{90283D31-B42E-41A4-B925-93AF72755DD1}.Release|Any CPU.Build.0 = Release|Any CPU
		{944821A3-B2D8-40CE-957D-0B1A0A695DD7}.Debug|Any CPU.ActiveCfg = Debug|Any CPU
		{944821A3-B2D8-40CE-957D-0B1A0A695DD7}.Debug|Any CPU.Build.0 = Debug|Any CPU
		{944821A3-B2D8-40CE-957D-0B1A0A695DD7}.Release|Any CPU.ActiveCfg = Release|Any CPU
		{944821A3-B2D8-40CE-957D-0B1A0A695DD7}.Release|Any CPU.Build.0 = Release|Any CPU
	EndGlobalSection
	GlobalSection(SolutionProperties) = preSolution
		HideSolutionNode = FALSE
	EndGlobalSection
	GlobalSection(ExtensibilityGlobals) = postSolution
		SolutionGuid = {0043DE82-C800-4DC5-8BC7-CE784D3A5481}
	EndGlobalSection
EndGlobal
